
Microsoft Visual Studio Solution File, Format Version 12.00
# Visual Studio Version 16
VisualStudioVersion = 16.0.31205.134
MinimumVisualStudioVersion = 10.0.40219.1
Project("{9A19103F-16F7-4668-BE54-9A1E7A4F7556}") = "Models", "Models\Models.csproj", "{A24AFC25-32EC-489B-AC38-5FE99FAA0DE7}"
EndProject
Project("{9A19103F-16F7-4668-BE54-9A1E7A4F7556}") = "Infrastructure", "Infrastructure\Infrastructure.csproj", "{3F4CD542-4205-47EE-BB81-B1767F4E1170}"
EndProject
Project("{9A19103F-16F7-4668-BE54-9A1E7A4F7556}") = "Core", "Core\Core.csproj", "{E86F9C31-0BD2-4A84-B21D-F8EE6A786D1D}"
EndProject
Project("{9A19103F-16F7-4668-BE54-9A1E7A4F7556}") = "ConsoleApp", "ConsoleApp\ConsoleApp.csproj", "{779562CF-4BD1-4D17-B9C5-ACEB93BF44F8}"
EndProject
Project("{9A19103F-16F7-4668-BE54-9A1E7A4F7556}") = "IntegrationTests", "IntegrationTests\IntegrationTests.csproj", "{6B55A355-5121-4F76-B961-4CBFA79CC407}"
EndProject
Project("{9A19103F-16F7-4668-BE54-9A1E7A4F7556}") = "Api", "Api\Api.csproj", "{2F698F41-86EF-493E-ABBF-1FCADE4A7EC6}"
EndProject
Project("{FAE04EC0-301F-11D3-BF4B-00C04F79EFBC}") = "UnitTests", "UnitTests\UnitTests.csproj", "{EDBF1C4A-EFC7-4E7E-9286-14B0A9EEF434}"
EndProject
Global
	GlobalSection(SolutionConfigurationPlatforms) = preSolution
		Debug|Any CPU = Debug|Any CPU
		Release|Any CPU = Release|Any CPU
	EndGlobalSection
	GlobalSection(ProjectConfigurationPlatforms) = postSolution
		{A24AFC25-32EC-489B-AC38-5FE99FAA0DE7}.Debug|Any CPU.ActiveCfg = Debug|Any CPU
		{A24AFC25-32EC-489B-AC38-5FE99FAA0DE7}.Debug|Any CPU.Build.0 = Debug|Any CPU
		{A24AFC25-32EC-489B-AC38-5FE99FAA0DE7}.Release|Any CPU.ActiveCfg = Release|Any CPU
		{A24AFC25-32EC-489B-AC38-5FE99FAA0DE7}.Release|Any CPU.Build.0 = Release|Any CPU
		{3F4CD542-4205-47EE-BB81-B1767F4E1170}.Debug|Any CPU.ActiveCfg = Debug|Any CPU
		{3F4CD542-4205-47EE-BB81-B1767F4E1170}.Debug|Any CPU.Build.0 = Debug|Any CPU
		{3F4CD542-4205-47EE-BB81-B1767F4E1170}.Release|Any CPU.ActiveCfg = Release|Any CPU
		{3F4CD542-4205-47EE-BB81-B1767F4E1170}.Release|Any CPU.Build.0 = Release|Any CPU
		{E86F9C31-0BD2-4A84-B21D-F8EE6A786D1D}.Debug|Any CPU.ActiveCfg = Debug|Any CPU
		{E86F9C31-0BD2-4A84-B21D-F8EE6A786D1D}.Debug|Any CPU.Build.0 = Debug|Any CPU
		{E86F9C31-0BD2-4A84-B21D-F8EE6A786D1D}.Release|Any CPU.ActiveCfg = Release|Any CPU
		{E86F9C31-0BD2-4A84-B21D-F8EE6A786D1D}.Release|Any CPU.Build.0 = Release|Any CPU
		{779562CF-4BD1-4D17-B9C5-ACEB93BF44F8}.Debug|Any CPU.ActiveCfg = Debug|Any CPU
		{779562CF-4BD1-4D17-B9C5-ACEB93BF44F8}.Debug|Any CPU.Build.0 = Debug|Any CPU
		{779562CF-4BD1-4D17-B9C5-ACEB93BF44F8}.Release|Any CPU.ActiveCfg = Release|Any CPU
		{779562CF-4BD1-4D17-B9C5-ACEB93BF44F8}.Release|Any CPU.Build.0 = Release|Any CPU
		{6B55A355-5121-4F76-B961-4CBFA79CC407}.Debug|Any CPU.ActiveCfg = Debug|Any CPU
		{6B55A355-5121-4F76-B961-4CBFA79CC407}.Debug|Any CPU.Build.0 = Debug|Any CPU
		{6B55A355-5121-4F76-B961-4CBFA79CC407}.Release|Any CPU.ActiveCfg = Release|Any CPU
		{6B55A355-5121-4F76-B961-4CBFA79CC407}.Release|Any CPU.Build.0 = Release|Any CPU
		{2F698F41-86EF-493E-ABBF-1FCADE4A7EC6}.Debug|Any CPU.ActiveCfg = Debug|Any CPU
		{2F698F41-86EF-493E-ABBF-1FCADE4A7EC6}.Debug|Any CPU.Build.0 = Debug|Any CPU
		{2F698F41-86EF-493E-ABBF-1FCADE4A7EC6}.Release|Any CPU.ActiveCfg = Release|Any CPU
		{2F698F41-86EF-493E-ABBF-1FCADE4A7EC6}.Release|Any CPU.Build.0 = Release|Any CPU
		{EDBF1C4A-EFC7-4E7E-9286-14B0A9EEF434}.Debug|Any CPU.ActiveCfg = Debug|Any CPU
		{EDBF1C4A-EFC7-4E7E-9286-14B0A9EEF434}.Debug|Any CPU.Build.0 = Debug|Any CPU
		{EDBF1C4A-EFC7-4E7E-9286-14B0A9EEF434}.Release|Any CPU.ActiveCfg = Release|Any CPU
		{EDBF1C4A-EFC7-4E7E-9286-14B0A9EEF434}.Release|Any CPU.Build.0 = Release|Any CPU
	EndGlobalSection
	GlobalSection(SolutionProperties) = preSolution
		HideSolutionNode = FALSE
	EndGlobalSection
	GlobalSection(ExtensibilityGlobals) = postSolution
		SolutionGuid = {D6537FB1-9047-42F6-B689-B09CD6197787}
	EndGlobalSection
EndGlobal
